// !$*UTF8*$!
{
	archiveVersion = 1;
	classes = {
	};
	objectVersion = 77;
	objects = {

/* Begin PBXBuildFile section */
		1104AB152DF6F19D00337328 /* Clibsodium in Frameworks */ = {isa = PBXBuildFile; productRef = 1104AB142DF6F19D00337328 /* Clibsodium */; };
		1104AB172DF6F19D00337328 /* Sodium in Frameworks */ = {isa = PBXBuildFile; productRef = 1104AB162DF6F19D00337328 /* Sodium */; };
		1104AB1A2DF6F1BC00337328 /* Atomics in Frameworks */ = {isa = PBXBuildFile; productRef = 1104AB192DF6F1BC00337328 /* Atomics */; };
		1183FAB22DF9863C00FF69F1 /* CGRPCZlib in Frameworks */ = {isa = PBXBuildFile; productRef = 1183FAB12DF9863C00FF69F1 /* CGRPCZlib */; };
		1183FAB42DF9863C00FF69F1 /* GRPC in Frameworks */ = {isa = PBXBuildFile; productRef = 1183FAB32DF9863C00FF69F1 /* GRPC */; };
		1183FAB62DF9863C00FF69F1 /* GRPCReflectionService in Frameworks */ = {isa = PBXBuildFile; productRef = 1183FAB52DF9863C00FF69F1 /* GRPCReflectionService */; };
		1183FAB82DF9863C00FF69F1 /* protoc-gen-grpc-swift in Frameworks */ = {isa = PBXBuildFile; productRef = 1183FAB72DF9863C00FF69F1 /* protoc-gen-grpc-swift */; };
		11B82C5A2DF990FD002393C3 /* BitCollections in Frameworks */ = {isa = PBXBuildFile; productRef = 11B82C592DF990FD002393C3 /* BitCollections */; };
		11B82C5C2DF990FD002393C3 /* Collections in Frameworks */ = {isa = PBXBuildFile; productRef = 11B82C5B2DF990FD002393C3 /* Collections */; };
		11B82C5E2DF990FD002393C3 /* DequeModule in Frameworks */ = {isa = PBXBuildFile; productRef = 11B82C5D2DF990FD002393C3 /* DequeModule */; };
		11B82C602DF990FD002393C3 /* HashTreeCollections in Frameworks */ = {isa = PBXBuildFile; productRef = 11B82C5F2DF990FD002393C3 /* HashTreeCollections */; };
		11B82C622DF990FD002393C3 /* HeapModule in Frameworks */ = {isa = PBXBuildFile; productRef = 11B82C612DF990FD002393C3 /* HeapModule */; };
		11B82C642DF990FD002393C3 /* OrderedCollections in Frameworks */ = {isa = PBXBuildFile; productRef = 11B82C632DF990FD002393C3 /* OrderedCollections */; };
		11B82C662DF990FD002393C3 /* _RopeModule in Frameworks */ = {isa = PBXBuildFile; productRef = 11B82C652DF990FD002393C3 /* _RopeModule */; };
		11D769022E0E92B000EA5DD3 /* OpenSSL in Frameworks */ = {isa = PBXBuildFile; productRef = 11D769012E0E92B000EA5DD3 /* OpenSSL */; };
		11E614C92E2FA13500C6E790 /* Launch Screen.storyboard in Resources */ = {isa = PBXBuildFile; fileRef = 11E614C82E2FA13500C6E790 /* Launch Screen.storyboard */; };
/* End PBXBuildFile section */

/* Begin PBXContainerItemProxy section */
		11AB14202DFAD497002FCCDC /* PBXContainerItemProxy */ = {
			isa = PBXContainerItemProxy;
			containerPortal = 1104AAF32DF6F13A00337328 /* Project object */;
			proxyType = 1;
			remoteGlobalIDString = 1104AAFA2DF6F13A00337328;
			remoteInfo = "Ecliptix-iOS";
		};
/* End PBXContainerItemProxy section */

/* Begin PBXFileReference section */
		1104AAFB2DF6F13A00337328 /* Ecliptix-iOS.app */ = {isa = PBXFileReference; explicitFileType = wrapper.application; includeInIndex = 0; path = "Ecliptix-iOS.app"; sourceTree = BUILT_PRODUCTS_DIR; };
		11AB141C2DFAD497002FCCDC /* Ecliptix-iOSTests.xctest */ = {isa = PBXFileReference; explicitFileType = wrapper.cfbundle; includeInIndex = 0; path = "Ecliptix-iOSTests.xctest"; sourceTree = BUILT_PRODUCTS_DIR; };
		11D996EF2E0DA6F700D9E746 /* libcrypto.3.dylib */ = {isa = PBXFileReference; lastKnownFileType = "compiled.mach-o.dylib"; name = libcrypto.3.dylib; path = "../../../../../opt/homebrew/Cellar/openssl@3/3.5.0/lib/libcrypto.3.dylib"; sourceTree = "<group>"; };
		11D996F02E0DA6F700D9E746 /* libssl.3.dylib */ = {isa = PBXFileReference; lastKnownFileType = "compiled.mach-o.dylib"; name = libssl.3.dylib; path = "../../../../../opt/homebrew/Cellar/openssl@3/3.5.0/lib/libssl.3.dylib"; sourceTree = "<group>"; };
		11E614C82E2FA13500C6E790 /* Launch Screen.storyboard */ = {isa = PBXFileReference; lastKnownFileType = file.storyboard; path = "Launch Screen.storyboard"; sourceTree = "<group>"; };
/* End PBXFileReference section */

/* Begin PBXFileSystemSynchronizedRootGroup section */
		1104AAFD2DF6F13A00337328 /* Ecliptix-iOS */ = {
			isa = PBXFileSystemSynchronizedRootGroup;
			path = "Ecliptix-iOS";
			sourceTree = "<group>";
		};
		11AB141D2DFAD497002FCCDC /* Ecliptix-iOSTests */ = {
			isa = PBXFileSystemSynchronizedRootGroup;
			path = "Ecliptix-iOSTests";
			sourceTree = "<group>";
		};
/* End PBXFileSystemSynchronizedRootGroup section */

/* Begin PBXFrameworksBuildPhase section */
		1104AAF82DF6F13A00337328 /* Frameworks */ = {
			isa = PBXFrameworksBuildPhase;
			buildActionMask = 2147483647;
			files = (
				1183FAB82DF9863C00FF69F1 /* protoc-gen-grpc-swift in Frameworks */,
				1104AB152DF6F19D00337328 /* Clibsodium in Frameworks */,
				1183FAB42DF9863C00FF69F1 /* GRPC in Frameworks */,
				1183FAB22DF9863C00FF69F1 /* CGRPCZlib in Frameworks */,
				11B82C602DF990FD002393C3 /* HashTreeCollections in Frameworks */,
				11B82C5A2DF990FD002393C3 /* BitCollections in Frameworks */,
				11B82C662DF990FD002393C3 /* _RopeModule in Frameworks */,
				1183FAB62DF9863C00FF69F1 /* GRPCReflectionService in Frameworks */,
				11B82C5C2DF990FD002393C3 /* Collections in Frameworks */,
				11B82C5E2DF990FD002393C3 /* DequeModule in Frameworks */,
				11D769022E0E92B000EA5DD3 /* OpenSSL in Frameworks */,
				1104AB172DF6F19D00337328 /* Sodium in Frameworks */,
				11B82C622DF990FD002393C3 /* HeapModule in Frameworks */,
				11B82C642DF990FD002393C3 /* OrderedCollections in Frameworks */,
				1104AB1A2DF6F1BC00337328 /* Atomics in Frameworks */,
			);
			runOnlyForDeploymentPostprocessing = 0;
		};
		11AB14192DFAD497002FCCDC /* Frameworks */ = {
			isa = PBXFrameworksBuildPhase;
			buildActionMask = 2147483647;
			files = (
			);
			runOnlyForDeploymentPostprocessing = 0;
		};
/* End PBXFrameworksBuildPhase section */

/* Begin PBXGroup section */
		1104AAF22DF6F13A00337328 = {
			isa = PBXGroup;
			children = (
				11E614C82E2FA13500C6E790 /* Launch Screen.storyboard */,
				1104AAFD2DF6F13A00337328 /* Ecliptix-iOS */,
				11AB141D2DFAD497002FCCDC /* Ecliptix-iOSTests */,
				1104ABE22DF6F5A900337328 /* Frameworks */,
				1104AAFC2DF6F13A00337328 /* Products */,
			);
			sourceTree = "<group>";
		};
		1104AAFC2DF6F13A00337328 /* Products */ = {
			isa = PBXGroup;
			children = (
				1104AAFB2DF6F13A00337328 /* Ecliptix-iOS.app */,
				11AB141C2DFAD497002FCCDC /* Ecliptix-iOSTests.xctest */,
			);
			name = Products;
			sourceTree = "<group>";
		};
		1104ABE22DF6F5A900337328 /* Frameworks */ = {
			isa = PBXGroup;
			children = (
				11D996EF2E0DA6F700D9E746 /* libcrypto.3.dylib */,
				11D996F02E0DA6F700D9E746 /* libssl.3.dylib */,
			);
			name = Frameworks;
			sourceTree = "<group>";
		};
/* End PBXGroup section */

/* Begin PBXNativeTarget section */
		1104AAFA2DF6F13A00337328 /* Ecliptix-iOS */ = {
			isa = PBXNativeTarget;
			buildConfigurationList = 1104AB062DF6F13B00337328 /* Build configuration list for PBXNativeTarget "Ecliptix-iOS" */;
			buildPhases = (
				1104AAF72DF6F13A00337328 /* Sources */,
				1104AAF82DF6F13A00337328 /* Frameworks */,
				1104AAF92DF6F13A00337328 /* Resources */,
			);
			buildRules = (
			);
			dependencies = (
			);
			fileSystemSynchronizedGroups = (
				1104AAFD2DF6F13A00337328 /* Ecliptix-iOS */,
			);
			name = "Ecliptix-iOS";
			packageProductDependencies = (
				1104AB142DF6F19D00337328 /* Clibsodium */,
				1104AB162DF6F19D00337328 /* Sodium */,
				1104AB192DF6F1BC00337328 /* Atomics */,
				1183FAB12DF9863C00FF69F1 /* CGRPCZlib */,
				1183FAB32DF9863C00FF69F1 /* GRPC */,
				1183FAB52DF9863C00FF69F1 /* GRPCReflectionService */,
				1183FAB72DF9863C00FF69F1 /* protoc-gen-grpc-swift */,
				11B82C592DF990FD002393C3 /* BitCollections */,
				11B82C5B2DF990FD002393C3 /* Collections */,
				11B82C5D2DF990FD002393C3 /* DequeModule */,
				11B82C5F2DF990FD002393C3 /* HashTreeCollections */,
				11B82C612DF990FD002393C3 /* HeapModule */,
				11B82C632DF990FD002393C3 /* OrderedCollections */,
				11B82C652DF990FD002393C3 /* _RopeModule */,
				11D769012E0E92B000EA5DD3 /* OpenSSL */,
			);
			productName = "Ecliptix-iOS";
			productReference = 1104AAFB2DF6F13A00337328 /* Ecliptix-iOS.app */;
			productType = "com.apple.product-type.application";
		};
		11AB141B2DFAD497002FCCDC /* Ecliptix-iOSTests */ = {
			isa = PBXNativeTarget;
			buildConfigurationList = 11AB14222DFAD497002FCCDC /* Build configuration list for PBXNativeTarget "Ecliptix-iOSTests" */;
			buildPhases = (
				11AB14182DFAD497002FCCDC /* Sources */,
				11AB14192DFAD497002FCCDC /* Frameworks */,
				11AB141A2DFAD497002FCCDC /* Resources */,
			);
			buildRules = (
			);
			dependencies = (
				11AB14212DFAD497002FCCDC /* PBXTargetDependency */,
			);
			fileSystemSynchronizedGroups = (
				11AB141D2DFAD497002FCCDC /* Ecliptix-iOSTests */,
			);
			name = "Ecliptix-iOSTests";
			packageProductDependencies = (
			);
			productName = "Ecliptix-iOSTests";
			productReference = 11AB141C2DFAD497002FCCDC /* Ecliptix-iOSTests.xctest */;
			productType = "com.apple.product-type.bundle.unit-test";
		};
/* End PBXNativeTarget section */

/* Begin PBXProject section */
		1104AAF32DF6F13A00337328 /* Project object */ = {
			isa = PBXProject;
			attributes = {
				BuildIndependentTargetsInParallel = 1;
				LastSwiftUpdateCheck = 1630;
				LastUpgradeCheck = 1630;
				TargetAttributes = {
					1104AAFA2DF6F13A00337328 = {
						CreatedOnToolsVersion = 16.3;
					};
					11AB141B2DFAD497002FCCDC = {
						CreatedOnToolsVersion = 16.3;
						TestTargetID = 1104AAFA2DF6F13A00337328;
					};
				};
			};
			buildConfigurationList = 1104AAF62DF6F13A00337328 /* Build configuration list for PBXProject "Ecliptix-iOS" */;
			developmentRegion = en;
			hasScannedForEncodings = 0;
			knownRegions = (
				en,
				Base,
				uk,
			);
			mainGroup = 1104AAF22DF6F13A00337328;
			minimizedProjectReferenceProxies = 1;
			packageReferences = (
				1104AB132DF6F19D00337328 /* XCRemoteSwiftPackageReference "swift-sodium" */,
				1104AB182DF6F1BC00337328 /* XCRemoteSwiftPackageReference "swift-atomics" */,
				1183FAB02DF9863C00FF69F1 /* XCRemoteSwiftPackageReference "grpc-swift" */,
				11B82C582DF990FD002393C3 /* XCRemoteSwiftPackageReference "swift-collections" */,
				11D769002E0E92B000EA5DD3 /* XCRemoteSwiftPackageReference "OpenSSL" */,
			);
			preferredProjectObjectVersion = 77;
			productRefGroup = 1104AAFC2DF6F13A00337328 /* Products */;
			projectDirPath = "";
			projectRoot = "";
			targets = (
				1104AAFA2DF6F13A00337328 /* Ecliptix-iOS */,
				11AB141B2DFAD497002FCCDC /* Ecliptix-iOSTests */,
			);
		};
/* End PBXProject section */

/* Begin PBXResourcesBuildPhase section */
		1104AAF92DF6F13A00337328 /* Resources */ = {
			isa = PBXResourcesBuildPhase;
			buildActionMask = 2147483647;
			files = (
				11E614C92E2FA13500C6E790 /* Launch Screen.storyboard in Resources */,
			);
			runOnlyForDeploymentPostprocessing = 0;
		};
		11AB141A2DFAD497002FCCDC /* Resources */ = {
			isa = PBXResourcesBuildPhase;
			buildActionMask = 2147483647;
			files = (
			);
			runOnlyForDeploymentPostprocessing = 0;
		};
/* End PBXResourcesBuildPhase section */

/* Begin PBXSourcesBuildPhase section */
		1104AAF72DF6F13A00337328 /* Sources */ = {
			isa = PBXSourcesBuildPhase;
			buildActionMask = 2147483647;
			files = (
			);
			runOnlyForDeploymentPostprocessing = 0;
		};
		11AB14182DFAD497002FCCDC /* Sources */ = {
			isa = PBXSourcesBuildPhase;
			buildActionMask = 2147483647;
			files = (
			);
			runOnlyForDeploymentPostprocessing = 0;
		};
/* End PBXSourcesBuildPhase section */

/* Begin PBXTargetDependency section */
		11AB14212DFAD497002FCCDC /* PBXTargetDependency */ = {
			isa = PBXTargetDependency;
			target = 1104AAFA2DF6F13A00337328 /* Ecliptix-iOS */;
			targetProxy = 11AB14202DFAD497002FCCDC /* PBXContainerItemProxy */;
		};
/* End PBXTargetDependency section */

/* Begin XCBuildConfiguration section */
		1104AB042DF6F13B00337328 /* Debug */ = {
			isa = XCBuildConfiguration;
			buildSettings = {
				ALWAYS_SEARCH_USER_PATHS = NO;
				ASSETCATALOG_COMPILER_GENERATE_SWIFT_ASSET_SYMBOL_EXTENSIONS = YES;
				CLANG_ANALYZER_NONNULL = YES;
				CLANG_ANALYZER_NUMBER_OBJECT_CONVERSION = YES_AGGRESSIVE;
				CLANG_CXX_LANGUAGE_STANDARD = "gnu++20";
				CLANG_ENABLE_MODULES = YES;
				CLANG_ENABLE_OBJC_ARC = YES;
				CLANG_ENABLE_OBJC_WEAK = YES;
				CLANG_WARN_BLOCK_CAPTURE_AUTORELEASING = YES;
				CLANG_WARN_BOOL_CONVERSION = YES;
				CLANG_WARN_COMMA = YES;
				CLANG_WARN_CONSTANT_CONVERSION = YES;
				CLANG_WARN_DEPRECATED_OBJC_IMPLEMENTATIONS = YES;
				CLANG_WARN_DIRECT_OBJC_ISA_USAGE = YES_ERROR;
				CLANG_WARN_DOCUMENTATION_COMMENTS = YES;
				CLANG_WARN_EMPTY_BODY = YES;
				CLANG_WARN_ENUM_CONVERSION = YES;
				CLANG_WARN_INFINITE_RECURSION = YES;
				CLANG_WARN_INT_CONVERSION = YES;
				CLANG_WARN_NON_LITERAL_NULL_CONVERSION = YES;
				CLANG_WARN_OBJC_IMPLICIT_RETAIN_SELF = YES;
				CLANG_WARN_OBJC_LITERAL_CONVERSION = YES;
				CLANG_WARN_OBJC_ROOT_CLASS = YES_ERROR;
				CLANG_WARN_QUOTED_INCLUDE_IN_FRAMEWORK_HEADER = YES;
				CLANG_WARN_RANGE_LOOP_ANALYSIS = YES;
				CLANG_WARN_STRICT_PROTOTYPES = YES;
				CLANG_WARN_SUSPICIOUS_MOVE = YES;
				CLANG_WARN_UNGUARDED_AVAILABILITY = YES_AGGRESSIVE;
				CLANG_WARN_UNREACHABLE_CODE = YES;
				CLANG_WARN__DUPLICATE_METHOD_MATCH = YES;
				COPY_PHASE_STRIP = NO;
				DEBUG_INFORMATION_FORMAT = dwarf;
				DEVELOPMENT_TEAM = 72C73YMCA9;
				ENABLE_STRICT_OBJC_MSGSEND = YES;
				ENABLE_TESTABILITY = YES;
				ENABLE_USER_SCRIPT_SANDBOXING = YES;
				GCC_C_LANGUAGE_STANDARD = gnu17;
				GCC_DYNAMIC_NO_PIC = NO;
				GCC_NO_COMMON_BLOCKS = YES;
				GCC_OPTIMIZATION_LEVEL = 0;
				GCC_PREPROCESSOR_DEFINITIONS = (
					"DEBUG=1",
					"$(inherited)",
				);
				GCC_WARN_64_TO_32_BIT_CONVERSION = YES;
				GCC_WARN_ABOUT_RETURN_TYPE = YES_ERROR;
				GCC_WARN_UNDECLARED_SELECTOR = YES;
				GCC_WARN_UNINITIALIZED_AUTOS = YES_AGGRESSIVE;
				GCC_WARN_UNUSED_FUNCTION = YES;
				GCC_WARN_UNUSED_VARIABLE = YES;
				IPHONEOS_DEPLOYMENT_TARGET = 18.4;
				LOCALIZATION_PREFERS_STRING_CATALOGS = YES;
				MTL_ENABLE_DEBUG_INFO = INCLUDE_SOURCE;
				MTL_FAST_MATH = YES;
				ONLY_ACTIVE_ARCH = YES;
				SDKROOT = iphoneos;
				SWIFT_ACTIVE_COMPILATION_CONDITIONS = "DEBUG $(inherited)";
				SWIFT_EMIT_LOC_STRINGS = YES;
				SWIFT_OPTIMIZATION_LEVEL = "-Onone";
			};
			name = Debug;
		};
		1104AB052DF6F13B00337328 /* Release */ = {
			isa = XCBuildConfiguration;
			buildSettings = {
				ALWAYS_SEARCH_USER_PATHS = NO;
				ASSETCATALOG_COMPILER_GENERATE_SWIFT_ASSET_SYMBOL_EXTENSIONS = YES;
				CLANG_ANALYZER_NONNULL = YES;
				CLANG_ANALYZER_NUMBER_OBJECT_CONVERSION = YES_AGGRESSIVE;
				CLANG_CXX_LANGUAGE_STANDARD = "gnu++20";
				CLANG_ENABLE_MODULES = YES;
				CLANG_ENABLE_OBJC_ARC = YES;
				CLANG_ENABLE_OBJC_WEAK = YES;
				CLANG_WARN_BLOCK_CAPTURE_AUTORELEASING = YES;
				CLANG_WARN_BOOL_CONVERSION = YES;
				CLANG_WARN_COMMA = YES;
				CLANG_WARN_CONSTANT_CONVERSION = YES;
				CLANG_WARN_DEPRECATED_OBJC_IMPLEMENTATIONS = YES;
				CLANG_WARN_DIRECT_OBJC_ISA_USAGE = YES_ERROR;
				CLANG_WARN_DOCUMENTATION_COMMENTS = YES;
				CLANG_WARN_EMPTY_BODY = YES;
				CLANG_WARN_ENUM_CONVERSION = YES;
				CLANG_WARN_INFINITE_RECURSION = YES;
				CLANG_WARN_INT_CONVERSION = YES;
				CLANG_WARN_NON_LITERAL_NULL_CONVERSION = YES;
				CLANG_WARN_OBJC_IMPLICIT_RETAIN_SELF = YES;
				CLANG_WARN_OBJC_LITERAL_CONVERSION = YES;
				CLANG_WARN_OBJC_ROOT_CLASS = YES_ERROR;
				CLANG_WARN_QUOTED_INCLUDE_IN_FRAMEWORK_HEADER = YES;
				CLANG_WARN_RANGE_LOOP_ANALYSIS = YES;
				CLANG_WARN_STRICT_PROTOTYPES = YES;
				CLANG_WARN_SUSPICIOUS_MOVE = YES;
				CLANG_WARN_UNGUARDED_AVAILABILITY = YES_AGGRESSIVE;
				CLANG_WARN_UNREACHABLE_CODE = YES;
				CLANG_WARN__DUPLICATE_METHOD_MATCH = YES;
				COPY_PHASE_STRIP = NO;
				DEBUG_INFORMATION_FORMAT = "dwarf-with-dsym";
				DEVELOPMENT_TEAM = 72C73YMCA9;
				ENABLE_NS_ASSERTIONS = NO;
				ENABLE_STRICT_OBJC_MSGSEND = YES;
				ENABLE_USER_SCRIPT_SANDBOXING = YES;
				GCC_C_LANGUAGE_STANDARD = gnu17;
				GCC_NO_COMMON_BLOCKS = YES;
				GCC_WARN_64_TO_32_BIT_CONVERSION = YES;
				GCC_WARN_ABOUT_RETURN_TYPE = YES_ERROR;
				GCC_WARN_UNDECLARED_SELECTOR = YES;
				GCC_WARN_UNINITIALIZED_AUTOS = YES_AGGRESSIVE;
				GCC_WARN_UNUSED_FUNCTION = YES;
				GCC_WARN_UNUSED_VARIABLE = YES;
				IPHONEOS_DEPLOYMENT_TARGET = 18.4;
				LOCALIZATION_PREFERS_STRING_CATALOGS = YES;
				MTL_ENABLE_DEBUG_INFO = NO;
				MTL_FAST_MATH = YES;
				SDKROOT = iphoneos;
				SWIFT_COMPILATION_MODE = wholemodule;
				SWIFT_EMIT_LOC_STRINGS = YES;
				VALIDATE_PRODUCT = YES;
			};
			name = Release;
		};
		1104AB072DF6F13B00337328 /* Debug */ = {
			isa = XCBuildConfiguration;
			buildSettings = {
				ASSETCATALOG_COMPILER_APPICON_NAME = AppIcon;
				ASSETCATALOG_COMPILER_GLOBAL_ACCENT_COLOR_NAME = AccentColor;
				ASSETCATALOG_COMPILER_INCLUDE_ALL_APPICON_ASSETS = YES;
				CODE_SIGN_ENTITLEMENTS = "Ecliptix-iOS/Ecliptix-iOS.entitlements";
				CODE_SIGN_STYLE = Automatic;
				CURRENT_PROJECT_VERSION = 1;
				DEVELOPMENT_TEAM = 72C73YMCA9;
				ENABLE_PREVIEWS = YES;
				GENERATE_INFOPLIST_FILE = YES;
				HEADER_SEARCH_PATHS = "";
				INFOPLIST_KEY_UIApplicationSceneManifest_Generation = YES;
				INFOPLIST_KEY_UIApplicationSupportsIndirectInputEvents = YES;
				INFOPLIST_KEY_UILaunchScreen_Generation = YES;
				INFOPLIST_KEY_UILaunchStoryboardName = "Launch Screen.storyboard";
				INFOPLIST_KEY_UISupportedInterfaceOrientations_iPad = "UIInterfaceOrientationPortrait UIInterfaceOrientationPortraitUpsideDown UIInterfaceOrientationLandscapeLeft UIInterfaceOrientationLandscapeRight";
				INFOPLIST_KEY_UISupportedInterfaceOrientations_iPhone = "UIInterfaceOrientationPortrait UIInterfaceOrientationLandscapeLeft UIInterfaceOrientationLandscapeRight";
				IPHONEOS_DEPLOYMENT_TARGET = 17.6;
				LD_RUNPATH_SEARCH_PATHS = (
					"$(inherited)",
					"@executable_path/Frameworks",
				);
				LIBRARY_SEARCH_PATHS = "";
				MARKETING_VERSION = 1.0;
				PRODUCT_BUNDLE_IDENTIFIER = com.ivan.EcliptixiOS;
				PRODUCT_NAME = "$(TARGET_NAME)";
				SWIFT_EMIT_LOC_STRINGS = YES;
				SWIFT_OBJC_BRIDGING_HEADER = "";
				SWIFT_VERSION = 5.0;
				TARGETED_DEVICE_FAMILY = "1,2";
			};
			name = Debug;
		};
		1104AB082DF6F13B00337328 /* Release */ = {
			isa = XCBuildConfiguration;
			buildSettings = {
				ASSETCATALOG_COMPILER_APPICON_NAME = AppIcon;
				ASSETCATALOG_COMPILER_GLOBAL_ACCENT_COLOR_NAME = AccentColor;
				ASSETCATALOG_COMPILER_INCLUDE_ALL_APPICON_ASSETS = YES;
				CODE_SIGN_ENTITLEMENTS = "Ecliptix-iOS/Ecliptix-iOS.entitlements";
				CODE_SIGN_STYLE = Automatic;
				CURRENT_PROJECT_VERSION = 1;
				DEVELOPMENT_TEAM = 72C73YMCA9;
				ENABLE_PREVIEWS = YES;
				GENERATE_INFOPLIST_FILE = YES;
				HEADER_SEARCH_PATHS = "";
				INFOPLIST_KEY_UIApplicationSceneManifest_Generation = YES;
				INFOPLIST_KEY_UIApplicationSupportsIndirectInputEvents = YES;
				INFOPLIST_KEY_UILaunchScreen_Generation = YES;
				INFOPLIST_KEY_UILaunchStoryboardName = "Launch Screen.storyboard";
				INFOPLIST_KEY_UISupportedInterfaceOrientations_iPad = "UIInterfaceOrientationPortrait UIInterfaceOrientationPortraitUpsideDown UIInterfaceOrientationLandscapeLeft UIInterfaceOrientationLandscapeRight";
				INFOPLIST_KEY_UISupportedInterfaceOrientations_iPhone = "UIInterfaceOrientationPortrait UIInterfaceOrientationLandscapeLeft UIInterfaceOrientationLandscapeRight";
				IPHONEOS_DEPLOYMENT_TARGET = 17.6;
				LD_RUNPATH_SEARCH_PATHS = (
					"$(inherited)",
					"@executable_path/Frameworks",
				);
				LIBRARY_SEARCH_PATHS = "";
				MARKETING_VERSION = 1.0;
				PRODUCT_BUNDLE_IDENTIFIER = com.ivan.EcliptixiOS;
				PRODUCT_NAME = "$(TARGET_NAME)";
				SWIFT_EMIT_LOC_STRINGS = YES;
				SWIFT_OBJC_BRIDGING_HEADER = "";
				SWIFT_VERSION = 5.0;
				TARGETED_DEVICE_FAMILY = "1,2";
			};
			name = Release;
		};
		11AB14232DFAD497002FCCDC /* Debug */ = {
			isa = XCBuildConfiguration;
			buildSettings = {
				BUNDLE_LOADER = "$(TEST_HOST)";
				CODE_SIGN_STYLE = Automatic;
				CURRENT_PROJECT_VERSION = 1;
				DEVELOPMENT_TEAM = 72C73YMCA9;
				GENERATE_INFOPLIST_FILE = YES;
				MARKETING_VERSION = 1.0;
				PRODUCT_BUNDLE_IDENTIFIER = "com.ivan.Ecliptix-iOSTests";
				PRODUCT_NAME = "$(TARGET_NAME)";
				SWIFT_EMIT_LOC_STRINGS = NO;
				SWIFT_VERSION = 5.0;
				TARGETED_DEVICE_FAMILY = "1,2";
				TEST_HOST = "$(BUILT_PRODUCTS_DIR)/Ecliptix-iOS.app/$(BUNDLE_EXECUTABLE_FOLDER_PATH)/Ecliptix-iOS";
			};
			name = Debug;
		};
		11AB14242DFAD497002FCCDC /* Release */ = {
			isa = XCBuildConfiguration;
			buildSettings = {
				BUNDLE_LOADER = "$(TEST_HOST)";
				CODE_SIGN_STYLE = Automatic;
				CURRENT_PROJECT_VERSION = 1;
				DEVELOPMENT_TEAM = 72C73YMCA9;
				GENERATE_INFOPLIST_FILE = YES;
				MARKETING_VERSION = 1.0;
				PRODUCT_BUNDLE_IDENTIFIER = "com.ivan.Ecliptix-iOSTests";
				PRODUCT_NAME = "$(TARGET_NAME)";
				SWIFT_EMIT_LOC_STRINGS = NO;
				SWIFT_VERSION = 5.0;
				TARGETED_DEVICE_FAMILY = "1,2";
				TEST_HOST = "$(BUILT_PRODUCTS_DIR)/Ecliptix-iOS.app/$(BUNDLE_EXECUTABLE_FOLDER_PATH)/Ecliptix-iOS";
			};
			name = Release;
		};
/* End XCBuildConfiguration section */

/* Begin XCConfigurationList section */
		1104AAF62DF6F13A00337328 /* Build configuration list for PBXProject "Ecliptix-iOS" */ = {
			isa = XCConfigurationList;
			buildConfigurations = (
				1104AB042DF6F13B00337328 /* Debug */,
				1104AB052DF6F13B00337328 /* Release */,
			);
			defaultConfigurationIsVisible = 0;
			defaultConfigurationName = Release;
		};
		1104AB062DF6F13B00337328 /* Build configuration list for PBXNativeTarget "Ecliptix-iOS" */ = {
			isa = XCConfigurationList;
			buildConfigurations = (
				1104AB072DF6F13B00337328 /* Debug */,
				1104AB082DF6F13B00337328 /* Release */,
			);
			defaultConfigurationIsVisible = 0;
			defaultConfigurationName = Release;
		};
		11AB14222DFAD497002FCCDC /* Build configuration list for PBXNativeTarget "Ecliptix-iOSTests" */ = {
			isa = XCConfigurationList;
			buildConfigurations = (
				11AB14232DFAD497002FCCDC /* Debug */,
				11AB14242DFAD497002FCCDC /* Release */,
			);
			defaultConfigurationIsVisible = 0;
			defaultConfigurationName = Release;
		};
/* End XCConfigurationList section */

/* Begin XCRemoteSwiftPackageReference section */
		1104AB132DF6F19D00337328 /* XCRemoteSwiftPackageReference "swift-sodium" */ = {
			isa = XCRemoteSwiftPackageReference;
			repositoryURL = "https://github.com/jedisct1/swift-sodium.git";
			requirement = {
				kind = upToNextMajorVersion;
				minimumVersion = 0.9.1;
			};
		};
		1104AB182DF6F1BC00337328 /* XCRemoteSwiftPackageReference "swift-atomics" */ = {
			isa = XCRemoteSwiftPackageReference;
			repositoryURL = "https://github.com/apple/swift-atomics.git";
			requirement = {
				kind = exactVersion;
				version = 1.2.0;
			};
		};
		1183FAB02DF9863C00FF69F1 /* XCRemoteSwiftPackageReference "grpc-swift" */ = {
			isa = XCRemoteSwiftPackageReference;
			repositoryURL = "https://github.com/grpc/grpc-swift.git";
			requirement = {
				kind = exactVersion;
				version = 1.26.1;
			};
		};
		11B82C582DF990FD002393C3 /* XCRemoteSwiftPackageReference "swift-collections" */ = {
			isa = XCRemoteSwiftPackageReference;
			repositoryURL = "https://github.com/apple/swift-collections.git";
			requirement = {
				kind = upToNextMajorVersion;
				minimumVersion = 1.2.0;
			};
		};
		11D769002E0E92B000EA5DD3 /* XCRemoteSwiftPackageReference "OpenSSL" */ = {
			isa = XCRemoteSwiftPackageReference;
			repositoryURL = "https://github.com/krzyzanowskim/OpenSSL.git";
			requirement = {
				kind = upToNextMajorVersion;
				minimumVersion = 3.3.3001;
			};
		};
/* End XCRemoteSwiftPackageReference section */

/* Begin XCSwiftPackageProductDependency section */
		1104AB142DF6F19D00337328 /* Clibsodium */ = {
			isa = XCSwiftPackageProductDependency;
			package = 1104AB132DF6F19D00337328 /* XCRemoteSwiftPackageReference "swift-sodium" */;
			productName = Clibsodium;
		};
		1104AB162DF6F19D00337328 /* Sodium */ = {
			isa = XCSwiftPackageProductDependency;
			package = 1104AB132DF6F19D00337328 /* XCRemoteSwiftPackageReference "swift-sodium" */;
			productName = Sodium;
		};
		1104AB192DF6F1BC00337328 /* Atomics */ = {
			isa = XCSwiftPackageProductDependency;
			package = 1104AB182DF6F1BC00337328 /* XCRemoteSwiftPackageReference "swift-atomics" */;
			productName = Atomics;
		};
		1183FAB12DF9863C00FF69F1 /* CGRPCZlib */ = {
			isa = XCSwiftPackageProductDependency;
			package = 1183FAB02DF9863C00FF69F1 /* XCRemoteSwiftPackageReference "grpc-swift" */;
			productName = CGRPCZlib;
		};
		1183FAB32DF9863C00FF69F1 /* GRPC */ = {
			isa = XCSwiftPackageProductDependency;
			package = 1183FAB02DF9863C00FF69F1 /* XCRemoteSwiftPackageReference "grpc-swift" */;
			productName = GRPC;
		};
		1183FAB52DF9863C00FF69F1 /* GRPCReflectionService */ = {
			isa = XCSwiftPackageProductDependency;
			package = 1183FAB02DF9863C00FF69F1 /* XCRemoteSwiftPackageReference "grpc-swift" */;
			productName = GRPCReflectionService;
		};
		1183FAB72DF9863C00FF69F1 /* protoc-gen-grpc-swift */ = {
			isa = XCSwiftPackageProductDependency;
			package = 1183FAB02DF9863C00FF69F1 /* XCRemoteSwiftPackageReference "grpc-swift" */;
			productName = "protoc-gen-grpc-swift";
		};
		11B82C592DF990FD002393C3 /* BitCollections */ = {
			isa = XCSwiftPackageProductDependency;
			package = 11B82C582DF990FD002393C3 /* XCRemoteSwiftPackageReference "swift-collections" */;
			productName = BitCollections;
		};
		11B82C5B2DF990FD002393C3 /* Collections */ = {
			isa = XCSwiftPackageProductDependency;
			package = 11B82C582DF990FD002393C3 /* XCRemoteSwiftPackageReference "swift-collections" */;
			productName = Collections;
		};
		11B82C5D2DF990FD002393C3 /* DequeModule */ = {
			isa = XCSwiftPackageProductDependency;
			package = 11B82C582DF990FD002393C3 /* XCRemoteSwiftPackageReference "swift-collections" */;
			productName = DequeModule;
		};
		11B82C5F2DF990FD002393C3 /* HashTreeCollections */ = {
			isa = XCSwiftPackageProductDependency;
			package = 11B82C582DF990FD002393C3 /* XCRemoteSwiftPackageReference "swift-collections" */;
			productName = HashTreeCollections;
		};
		11B82C612DF990FD002393C3 /* HeapModule */ = {
			isa = XCSwiftPackageProductDependency;
			package = 11B82C582DF990FD002393C3 /* XCRemoteSwiftPackageReference "swift-collections" */;
			productName = HeapModule;
		};
		11B82C632DF990FD002393C3 /* OrderedCollections */ = {
			isa = XCSwiftPackageProductDependency;
			package = 11B82C582DF990FD002393C3 /* XCRemoteSwiftPackageReference "swift-collections" */;
			productName = OrderedCollections;
		};
		11B82C652DF990FD002393C3 /* _RopeModule */ = {
			isa = XCSwiftPackageProductDependency;
			package = 11B82C582DF990FD002393C3 /* XCRemoteSwiftPackageReference "swift-collections" */;
			productName = _RopeModule;
		};
		11D769012E0E92B000EA5DD3 /* OpenSSL */ = {
			isa = XCSwiftPackageProductDependency;
			package = 11D769002E0E92B000EA5DD3 /* XCRemoteSwiftPackageReference "OpenSSL" */;
			productName = OpenSSL;
		};
/* End XCSwiftPackageProductDependency section */
	};
	rootObject = 1104AAF32DF6F13A00337328 /* Project object */;
}
